
Microsoft Visual Studio Solution File, Format Version 11.00
# Visual C# Express 2010
Project("{FAE04EC0-301F-11D3-BF4B-00C04F79EFBC}") = "chapter6problems", "chapter6problems\chapter6problems.csproj", "{69852DD0-0E76-4C6F-AD7E-F62E1678E26B}"
EndProject
Project("{FAE04EC0-301F-11D3-BF4B-00C04F79EFBC}") = "Numbers.cs", "Numbers.cs\Numbers.cs.csproj", "{21DA90B2-DCCC-4280-AF5F-242493A7E3F3}"
EndProject
Project("{FAE04EC0-301F-11D3-BF4B-00C04F79EFBC}") = "Numbers2.cs", "Numbers2.cs\Numbers2.cs.csproj", "{6EA0D8C6-3A69-4E67-9C7C-8A3C24170728}"
EndProject
Project("{FAE04EC0-301F-11D3-BF4B-00C04F79EFBC}") = "InchesToFeet.cs", "InchesToFeet.cs\InchesToFeet.cs.csproj", "{175EDD40-D3BB-4738-A87C-6DABCD765E8C}"
EndProject
Project("{FAE04EC0-301F-11D3-BF4B-00C04F79EFBC}") = "InchesToYards.cs", "InchesToYards.cs\InchesToYards.cs.csproj", "{F9EFB24F-7A99-4901-AADF-59A730869B0D}"
EndProject
Project("{FAE04EC0-301F-11D3-BF4B-00C04F79EFBC}") = "Monogram.cs", "Monogram.cs\Monogram.cs.csproj", "{E73BC025-65FC-49C1-83DA-57D211F22FA7}"
EndProject
Global
	GlobalSection(SolutionConfigurationPlatforms) = preSolution
		Debug|x86 = Debug|x86
		Release|x86 = Release|x86
	EndGlobalSection
	GlobalSection(ProjectConfigurationPlatforms) = postSolution
		{69852DD0-0E76-4C6F-AD7E-F62E1678E26B}.Debug|x86.ActiveCfg = Debug|x86
		{69852DD0-0E76-4C6F-AD7E-F62E1678E26B}.Debug|x86.Build.0 = Debug|x86
		{69852DD0-0E76-4C6F-AD7E-F62E1678E26B}.Release|x86.ActiveCfg = Release|x86
		{69852DD0-0E76-4C6F-AD7E-F62E1678E26B}.Release|x86.Build.0 = Release|x86
		{21DA90B2-DCCC-4280-AF5F-242493A7E3F3}.Debug|x86.ActiveCfg = Debug|x86
		{21DA90B2-DCCC-4280-AF5F-242493A7E3F3}.Debug|x86.Build.0 = Debug|x86
		{21DA90B2-DCCC-4280-AF5F-242493A7E3F3}.Release|x86.ActiveCfg = Release|x86
		{21DA90B2-DCCC-4280-AF5F-242493A7E3F3}.Release|x86.Build.0 = Release|x86
		{6EA0D8C6-3A69-4E67-9C7C-8A3C24170728}.Debug|x86.ActiveCfg = Debug|x86
		{6EA0D8C6-3A69-4E67-9C7C-8A3C24170728}.Debug|x86.Build.0 = Debug|x86
		{6EA0D8C6-3A69-4E67-9C7C-8A3C24170728}.Release|x86.ActiveCfg = Release|x86
		{6EA0D8C6-3A69-4E67-9C7C-8A3C24170728}.Release|x86.Build.0 = Release|x86
		{175EDD40-D3BB-4738-A87C-6DABCD765E8C}.Debug|x86.ActiveCfg = Debug|x86
		{175EDD40-D3BB-4738-A87C-6DABCD765E8C}.Debug|x86.Build.0 = Debug|x86
		{175EDD40-D3BB-4738-A87C-6DABCD765E8C}.Release|x86.ActiveCfg = Release|x86
		{175EDD40-D3BB-4738-A87C-6DABCD765E8C}.Release|x86.Build.0 = Release|x86
		{F9EFB24F-7A99-4901-AADF-59A730869B0D}.Debug|x86.ActiveCfg = Debug|x86
		{F9EFB24F-7A99-4901-AADF-59A730869B0D}.Debug|x86.Build.0 = Debug|x86
		{F9EFB24F-7A99-4901-AADF-59A730869B0D}.Release|x86.ActiveCfg = Release|x86
		{F9EFB24F-7A99-4901-AADF-59A730869B0D}.Release|x86.Build.0 = Release|x86
		{E73BC025-65FC-49C1-83DA-57D211F22FA7}.Debug|x86.ActiveCfg = Debug|x86
		{E73BC025-65FC-49C1-83DA-57D211F22FA7}.Debug|x86.Build.0 = Debug|x86
		{E73BC025-65FC-49C1-83DA-57D211F22FA7}.Release|x86.ActiveCfg = Release|x86
		{E73BC025-65FC-49C1-83DA-57D211F22FA7}.Release|x86.Build.0 = Release|x86
	EndGlobalSection
	GlobalSection(SolutionProperties) = preSolution
		HideSolutionNode = FALSE
	EndGlobalSection
EndGlobal
